
Microsoft Visual Studio Solution File, Format Version 12.00
# Visual Studio Version 17
VisualStudioVersion = 17.5.002.0
MinimumVisualStudioVersion = 10.0.40219.1
Project("{9A19103F-16F7-4668-BE54-9A1E7A4F7556}") = "StockSmart", "StockSmart\StockSmart.csproj", "{2EDA7296-3A06-4D3B-BCDC-2F37994128D5}"
EndProject
Project("{9A19103F-16F7-4668-BE54-9A1E7A4F7556}") = "StockSmartFunctions", "StockSmartFunctions\StockSmartFunctions.csproj", "{4AA577A6-1223-477C-8062-4CA2B3BEFF9B}"
EndProject
Global
	GlobalSection(SolutionConfigurationPlatforms) = preSolution
		Debug|Any CPU = Debug|Any CPU
		Release|Any CPU = Release|Any CPU
	EndGlobalSection
	GlobalSection(ProjectConfigurationPlatforms) = postSolution
		{2EDA7296-3A06-4D3B-BCDC-2F37994128D5}.Debug|Any CPU.ActiveCfg = Debug|Any CPU
		{2EDA7296-3A06-4D3B-BCDC-2F37994128D5}.Debug|Any CPU.Build.0 = Debug|Any CPU
		{2EDA7296-3A06-4D3B-BCDC-2F37994128D5}.Release|Any CPU.ActiveCfg = Release|Any CPU
		{2EDA7296-3A06-4D3B-BCDC-2F37994128D5}.Release|Any CPU.Build.0 = Release|Any CPU
		{4AA577A6-1223-477C-8062-4CA2B3BEFF9B}.Debug|Any CPU.ActiveCfg = Debug|Any CPU
		{4AA577A6-1223-477C-8062-4CA2B3BEFF9B}.Debug|Any CPU.Build.0 = Debug|Any CPU
		{4AA577A6-1223-477C-8062-4CA2B3BEFF9B}.Release|Any CPU.ActiveCfg = Release|Any CPU
		{4AA577A6-1223-477C-8062-4CA2B3BEFF9B}.Release|Any CPU.Build.0 = Release|Any CPU
	EndGlobalSection
	GlobalSection(SolutionProperties) = preSolution
		HideSolutionNode = FALSE
	EndGlobalSection
	GlobalSection(ExtensibilityGlobals) = postSolution
		SolutionGuid = {43A1DA92-5F6D-4BD8-A8F2-A0F5D706D83C}
	EndGlobalSection
EndGlobal
